
Microsoft Visual Studio Solution File, Format Version 12.00
# Visual Studio 15
Project("{FAE04EC0-301F-11D3-BF4B-00C04F79EFBC}") = "Assembly-CSharp", "Assembly-CSharp.csproj", "{55C86DFB-2D0E-1249-C132-6B2243BCAB28}"
EndProject
Project("{FAE04EC0-301F-11D3-BF4B-00C04F79EFBC}") = "SteamVR", "SteamVR.csproj", "{AA2FB28B-F891-64F0-E173-C7E3BC4E37BF}"
EndProject
Project("{FAE04EC0-301F-11D3-BF4B-00C04F79EFBC}") = "Assembly-CSharp-firstpass", "Assembly-CSharp-firstpass.csproj", "{2599D6E6-A64A-37EF-0009-045D1977234B}"
EndProject
Project("{FAE04EC0-301F-11D3-BF4B-00C04F79EFBC}") = "SteamVR_Actions", "SteamVR_Actions.csproj", "{62B20506-F8F5-051A-EE3F-BF5DDB8ADBFB}"
EndProject
Project("{FAE04EC0-301F-11D3-BF4B-00C04F79EFBC}") = "Assembly-CSharp-Editor-firstpass", "Assembly-CSharp-Editor-firstpass.csproj", "{ABE9FF13-E990-5A42-97BD-8F5B22300C71}"
EndProject
Project("{FAE04EC0-301F-11D3-BF4B-00C04F79EFBC}") = "SteamVR_Editor", "SteamVR_Editor.csproj", "{E03DC211-D3A8-5F8E-5830-D675C9273EF1}"
EndProject
Project("{FAE04EC0-301F-11D3-BF4B-00C04F79EFBC}") = "SteamVR_Input_Editor", "SteamVR_Input_Editor.csproj", "{1C2C8C64-757B-81CA-7318-8687E1C14819}"
EndProject
Project("{FAE04EC0-301F-11D3-BF4B-00C04F79EFBC}") = "SteamVR_Windows_EditorHelper", "SteamVR_Windows_EditorHelper.csproj", "{3B9DCD6A-7DC7-41EE-B549-396F3C4E6DCF}"
EndProject
Project("{FAE04EC0-301F-11D3-BF4B-00C04F79EFBC}") = "Unity.CopyLightingSettings.Editor", "Unity.CopyLightingSettings.Editor.csproj", "{BA536A56-A9A6-C47E-C0E6-922C5BB29F4C}"
EndProject
Global
	GlobalSection(SolutionConfigurationPlatforms) = preSolution
		Debug|Any CPU = Debug|Any CPU
		Release|Any CPU = Release|Any CPU
	EndGlobalSection
	GlobalSection(ProjectConfigurationPlatforms) = postSolution
		{55C86DFB-2D0E-1249-C132-6B2243BCAB28}.Debug|Any CPU.ActiveCfg = Debug|Any CPU
		{55C86DFB-2D0E-1249-C132-6B2243BCAB28}.Debug|Any CPU.Build.0 = Debug|Any CPU
		{55C86DFB-2D0E-1249-C132-6B2243BCAB28}.Release|Any CPU.ActiveCfg = Release|Any CPU
		{55C86DFB-2D0E-1249-C132-6B2243BCAB28}.Release|Any CPU.Build.0 = Release|Any CPU
		{AA2FB28B-F891-64F0-E173-C7E3BC4E37BF}.Debug|Any CPU.ActiveCfg = Debug|Any CPU
		{AA2FB28B-F891-64F0-E173-C7E3BC4E37BF}.Debug|Any CPU.Build.0 = Debug|Any CPU
		{AA2FB28B-F891-64F0-E173-C7E3BC4E37BF}.Release|Any CPU.ActiveCfg = Release|Any CPU
		{AA2FB28B-F891-64F0-E173-C7E3BC4E37BF}.Release|Any CPU.Build.0 = Release|Any CPU
		{2599D6E6-A64A-37EF-0009-045D1977234B}.Debug|Any CPU.ActiveCfg = Debug|Any CPU
		{2599D6E6-A64A-37EF-0009-045D1977234B}.Debug|Any CPU.Build.0 = Debug|Any CPU
		{2599D6E6-A64A-37EF-0009-045D1977234B}.Release|Any CPU.ActiveCfg = Release|Any CPU
		{2599D6E6-A64A-37EF-0009-045D1977234B}.Release|Any CPU.Build.0 = Release|Any CPU
		{62B20506-F8F5-051A-EE3F-BF5DDB8ADBFB}.Debug|Any CPU.ActiveCfg = Debug|Any CPU
		{62B20506-F8F5-051A-EE3F-BF5DDB8ADBFB}.Debug|Any CPU.Build.0 = Debug|Any CPU
		{62B20506-F8F5-051A-EE3F-BF5DDB8ADBFB}.Release|Any CPU.ActiveCfg = Release|Any CPU
		{62B20506-F8F5-051A-EE3F-BF5DDB8ADBFB}.Release|Any CPU.Build.0 = Release|Any CPU
		{ABE9FF13-E990-5A42-97BD-8F5B22300C71}.Debug|Any CPU.ActiveCfg = Debug|Any CPU
		{ABE9FF13-E990-5A42-97BD-8F5B22300C71}.Debug|Any CPU.Build.0 = Debug|Any CPU
		{ABE9FF13-E990-5A42-97BD-8F5B22300C71}.Release|Any CPU.ActiveCfg = Release|Any CPU
		{ABE9FF13-E990-5A42-97BD-8F5B22300C71}.Release|Any CPU.Build.0 = Release|Any CPU
		{E03DC211-D3A8-5F8E-5830-D675C9273EF1}.Debug|Any CPU.ActiveCfg = Debug|Any CPU
		{E03DC211-D3A8-5F8E-5830-D675C9273EF1}.Debug|Any CPU.Build.0 = Debug|Any CPU
		{E03DC211-D3A8-5F8E-5830-D675C9273EF1}.Release|Any CPU.ActiveCfg = Release|Any CPU
		{E03DC211-D3A8-5F8E-5830-D675C9273EF1}.Release|Any CPU.Build.0 = Release|Any CPU
		{1C2C8C64-757B-81CA-7318-8687E1C14819}.Debug|Any CPU.ActiveCfg = Debug|Any CPU
		{1C2C8C64-757B-81CA-7318-8687E1C14819}.Debug|Any CPU.Build.0 = Debug|Any CPU
		{1C2C8C64-757B-81CA-7318-8687E1C14819}.Release|Any CPU.ActiveCfg = Release|Any CPU
		{1C2C8C64-757B-81CA-7318-8687E1C14819}.Release|Any CPU.Build.0 = Release|Any CPU
		{3B9DCD6A-7DC7-41EE-B549-396F3C4E6DCF}.Debug|Any CPU.ActiveCfg = Debug|Any CPU
		{3B9DCD6A-7DC7-41EE-B549-396F3C4E6DCF}.Debug|Any CPU.Build.0 = Debug|Any CPU
		{3B9DCD6A-7DC7-41EE-B549-396F3C4E6DCF}.Release|Any CPU.ActiveCfg = Release|Any CPU
		{3B9DCD6A-7DC7-41EE-B549-396F3C4E6DCF}.Release|Any CPU.Build.0 = Release|Any CPU
		{BA536A56-A9A6-C47E-C0E6-922C5BB29F4C}.Debug|Any CPU.ActiveCfg = Debug|Any CPU
		{BA536A56-A9A6-C47E-C0E6-922C5BB29F4C}.Debug|Any CPU.Build.0 = Debug|Any CPU
		{BA536A56-A9A6-C47E-C0E6-922C5BB29F4C}.Release|Any CPU.ActiveCfg = Release|Any CPU
		{BA536A56-A9A6-C47E-C0E6-922C5BB29F4C}.Release|Any CPU.Build.0 = Release|Any CPU
	EndGlobalSection
	GlobalSection(SolutionProperties) = preSolution
		HideSolutionNode = FALSE
	EndGlobalSection
EndGlobal
