
Microsoft Visual Studio Solution File, Format Version 12.00
# Visual Studio 15
Project("{FAE04EC0-301F-11D3-BF4B-00C04F79EFBC}") = "Assembly-CSharp", "Assembly-CSharp.csproj", "{6986CE52-1AEA-100D-FF57-C13BA16DA07D}"
EndProject
Project("{FAE04EC0-301F-11D3-BF4B-00C04F79EFBC}") = "SteamVR", "SteamVR.csproj", "{6038DF80-9259-B51A-4550-953AF1AAD442}"
EndProject
Project("{FAE04EC0-301F-11D3-BF4B-00C04F79EFBC}") = "Assembly-CSharp-firstpass", "Assembly-CSharp-firstpass.csproj", "{5D77D719-3DCB-80B0-2E12-C7EC08A1ABDC}"
EndProject
Project("{FAE04EC0-301F-11D3-BF4B-00C04F79EFBC}") = "SteamVR_Actions", "SteamVR_Actions.csproj", "{A92F8BB6-A682-077C-3C19-F4141704287A}"
EndProject
Project("{FAE04EC0-301F-11D3-BF4B-00C04F79EFBC}") = "SteamVR_Windows_EditorHelper", "SteamVR_Windows_EditorHelper.csproj", "{819C8A37-16E7-FFC9-BFF8-106D8CCDFCBF}"
EndProject
Project("{FAE04EC0-301F-11D3-BF4B-00C04F79EFBC}") = "SteamVR_Editor", "SteamVR_Editor.csproj", "{F4F60C6F-F890-1696-9969-18785645AFF4}"
EndProject
Project("{FAE04EC0-301F-11D3-BF4B-00C04F79EFBC}") = "Assembly-CSharp-Editor-firstpass", "Assembly-CSharp-Editor-firstpass.csproj", "{1C901337-F18D-808F-FC27-7954FF256FAD}"
EndProject
Project("{FAE04EC0-301F-11D3-BF4B-00C04F79EFBC}") = "SteamVR_Input_Editor", "SteamVR_Input_Editor.csproj", "{7EDA7C91-0C31-233D-F6AB-DCBC26E79392}"
EndProject
Global
	GlobalSection(SolutionConfigurationPlatforms) = preSolution
		Debug|Any CPU = Debug|Any CPU
		Release|Any CPU = Release|Any CPU
	EndGlobalSection
	GlobalSection(ProjectConfigurationPlatforms) = postSolution
		{6986CE52-1AEA-100D-FF57-C13BA16DA07D}.Debug|Any CPU.ActiveCfg = Debug|Any CPU
		{6986CE52-1AEA-100D-FF57-C13BA16DA07D}.Debug|Any CPU.Build.0 = Debug|Any CPU
		{6986CE52-1AEA-100D-FF57-C13BA16DA07D}.Release|Any CPU.ActiveCfg = Release|Any CPU
		{6986CE52-1AEA-100D-FF57-C13BA16DA07D}.Release|Any CPU.Build.0 = Release|Any CPU
		{6038DF80-9259-B51A-4550-953AF1AAD442}.Debug|Any CPU.ActiveCfg = Debug|Any CPU
		{6038DF80-9259-B51A-4550-953AF1AAD442}.Debug|Any CPU.Build.0 = Debug|Any CPU
		{6038DF80-9259-B51A-4550-953AF1AAD442}.Release|Any CPU.ActiveCfg = Release|Any CPU
		{6038DF80-9259-B51A-4550-953AF1AAD442}.Release|Any CPU.Build.0 = Release|Any CPU
		{5D77D719-3DCB-80B0-2E12-C7EC08A1ABDC}.Debug|Any CPU.ActiveCfg = Debug|Any CPU
		{5D77D719-3DCB-80B0-2E12-C7EC08A1ABDC}.Debug|Any CPU.Build.0 = Debug|Any CPU
		{5D77D719-3DCB-80B0-2E12-C7EC08A1ABDC}.Release|Any CPU.ActiveCfg = Release|Any CPU
		{5D77D719-3DCB-80B0-2E12-C7EC08A1ABDC}.Release|Any CPU.Build.0 = Release|Any CPU
		{A92F8BB6-A682-077C-3C19-F4141704287A}.Debug|Any CPU.ActiveCfg = Debug|Any CPU
		{A92F8BB6-A682-077C-3C19-F4141704287A}.Debug|Any CPU.Build.0 = Debug|Any CPU
		{A92F8BB6-A682-077C-3C19-F4141704287A}.Release|Any CPU.ActiveCfg = Release|Any CPU
		{A92F8BB6-A682-077C-3C19-F4141704287A}.Release|Any CPU.Build.0 = Release|Any CPU
		{819C8A37-16E7-FFC9-BFF8-106D8CCDFCBF}.Debug|Any CPU.ActiveCfg = Debug|Any CPU
		{819C8A37-16E7-FFC9-BFF8-106D8CCDFCBF}.Debug|Any CPU.Build.0 = Debug|Any CPU
		{819C8A37-16E7-FFC9-BFF8-106D8CCDFCBF}.Release|Any CPU.ActiveCfg = Release|Any CPU
		{819C8A37-16E7-FFC9-BFF8-106D8CCDFCBF}.Release|Any CPU.Build.0 = Release|Any CPU
		{F4F60C6F-F890-1696-9969-18785645AFF4}.Debug|Any CPU.ActiveCfg = Debug|Any CPU
		{F4F60C6F-F890-1696-9969-18785645AFF4}.Debug|Any CPU.Build.0 = Debug|Any CPU
		{F4F60C6F-F890-1696-9969-18785645AFF4}.Release|Any CPU.ActiveCfg = Release|Any CPU
		{F4F60C6F-F890-1696-9969-18785645AFF4}.Release|Any CPU.Build.0 = Release|Any CPU
		{1C901337-F18D-808F-FC27-7954FF256FAD}.Debug|Any CPU.ActiveCfg = Debug|Any CPU
		{1C901337-F18D-808F-FC27-7954FF256FAD}.Debug|Any CPU.Build.0 = Debug|Any CPU
		{1C901337-F18D-808F-FC27-7954FF256FAD}.Release|Any CPU.ActiveCfg = Release|Any CPU
		{1C901337-F18D-808F-FC27-7954FF256FAD}.Release|Any CPU.Build.0 = Release|Any CPU
		{7EDA7C91-0C31-233D-F6AB-DCBC26E79392}.Debug|Any CPU.ActiveCfg = Debug|Any CPU
		{7EDA7C91-0C31-233D-F6AB-DCBC26E79392}.Debug|Any CPU.Build.0 = Debug|Any CPU
		{7EDA7C91-0C31-233D-F6AB-DCBC26E79392}.Release|Any CPU.ActiveCfg = Release|Any CPU
		{7EDA7C91-0C31-233D-F6AB-DCBC26E79392}.Release|Any CPU.Build.0 = Release|Any CPU
	EndGlobalSection
	GlobalSection(SolutionProperties) = preSolution
		HideSolutionNode = FALSE
	EndGlobalSection
EndGlobal
